// !$*UTF8*$!
{
	archiveVersion = 1;
	classes = {
	};
	objectVersion = 46;
	objects = {

/* Begin PBXBuildFile section */
		1E666B5FC70ABC9F5C6BB5BC /* libPods-Nearby.a in Frameworks */ = {isa = PBXBuildFile; fileRef = 2DD0C24E5FB109D76E847354 /* libPods-Nearby.a */; };
		B31E18BA1C053B5700977D55 /* LoginViewController.m in Sources */ = {isa = PBXBuildFile; fileRef = B31E18B81C053B5700977D55 /* LoginViewController.m */; };
		B31E18BB1C053B5700977D55 /* LoginViewController.xib in Resources */ = {isa = PBXBuildFile; fileRef = B31E18B91C053B5700977D55 /* LoginViewController.xib */; };
		B32248F21BFE3E9E005B48BC /* main.m in Sources */ = {isa = PBXBuildFile; fileRef = B32248F11BFE3E9E005B48BC /* main.m */; };
		B32248F51BFE3E9E005B48BC /* AppDelegate.m in Sources */ = {isa = PBXBuildFile; fileRef = B32248F41BFE3E9E005B48BC /* AppDelegate.m */; };
		B32248FD1BFE3E9E005B48BC /* Assets.xcassets in Resources */ = {isa = PBXBuildFile; fileRef = B32248FC1BFE3E9E005B48BC /* Assets.xcassets */; };
		B32249001BFE3E9E005B48BC /* LaunchScreen.storyboard in Resources */ = {isa = PBXBuildFile; fileRef = B32248FE1BFE3E9E005B48BC /* LaunchScreen.storyboard */; };
		B363A8071C0543ED00C81993 /* Event.m in Sources */ = {isa = PBXBuildFile; fileRef = B363A8061C0543ED00C81993 /* Event.m */; };
		B363A80B1C054CB200C81993 /* EventViewController.m in Sources */ = {isa = PBXBuildFile; fileRef = B363A8091C054CB200C81993 /* EventViewController.m */; };
		B363A80C1C054CB200C81993 /* EventViewController.xib in Resources */ = {isa = PBXBuildFile; fileRef = B363A80A1C054CB200C81993 /* EventViewController.xib */; };
/* End PBXBuildFile section */

/* Begin PBXFileReference section */
		2DD0C24E5FB109D76E847354 /* libPods-Nearby.a */ = {isa = PBXFileReference; explicitFileType = archive.ar; includeInIndex = 0; path = "libPods-Nearby.a"; sourceTree = BUILT_PRODUCTS_DIR; };
		4C56A3D465359FE72328E9DF /* Pods-Nearby.release.xcconfig */ = {isa = PBXFileReference; includeInIndex = 1; lastKnownFileType = text.xcconfig; name = "Pods-Nearby.release.xcconfig"; path = "Pods/Target Support Files/Pods-Nearby/Pods-Nearby.release.xcconfig"; sourceTree = "<group>"; };
		B31E18B71C053B5700977D55 /* LoginViewController.h */ = {isa = PBXFileReference; fileEncoding = 4; lastKnownFileType = sourcecode.c.h; path = LoginViewController.h; sourceTree = "<group>"; };
		B31E18B81C053B5700977D55 /* LoginViewController.m */ = {isa = PBXFileReference; fileEncoding = 4; lastKnownFileType = sourcecode.c.objc; path = LoginViewController.m; sourceTree = "<group>"; };
		B31E18B91C053B5700977D55 /* LoginViewController.xib */ = {isa = PBXFileReference; fileEncoding = 4; lastKnownFileType = file.xib; path = LoginViewController.xib; sourceTree = "<group>"; };
		B32248ED1BFE3E9E005B48BC /* Nearby.app */ = {isa = PBXFileReference; explicitFileType = wrapper.application; includeInIndex = 0; path = Nearby.app; sourceTree = BUILT_PRODUCTS_DIR; };
		B32248F11BFE3E9E005B48BC /* main.m */ = {isa = PBXFileReference; lastKnownFileType = sourcecode.c.objc; path = main.m; sourceTree = "<group>"; };
		B32248F31BFE3E9E005B48BC /* AppDelegate.h */ = {isa = PBXFileReference; lastKnownFileType = sourcecode.c.h; path = AppDelegate.h; sourceTree = "<group>"; };
		B32248F41BFE3E9E005B48BC /* AppDelegate.m */ = {isa = PBXFileReference; lastKnownFileType = sourcecode.c.objc; path = AppDelegate.m; sourceTree = "<group>"; };
		B32248FC1BFE3E9E005B48BC /* Assets.xcassets */ = {isa = PBXFileReference; lastKnownFileType = folder.assetcatalog; path = Assets.xcassets; sourceTree = "<group>"; };
		B32248FF1BFE3E9E005B48BC /* Base */ = {isa = PBXFileReference; lastKnownFileType = file.storyboard; name = Base; path = Base.lproj/LaunchScreen.storyboard; sourceTree = "<group>"; };
		B32249011BFE3E9E005B48BC /* Info.plist */ = {isa = PBXFileReference; lastKnownFileType = text.plist.xml; path = Info.plist; sourceTree = "<group>"; };
		B363A8051C0543ED00C81993 /* Event.h */ = {isa = PBXFileReference; fileEncoding = 4; lastKnownFileType = sourcecode.c.h; path = Event.h; sourceTree = "<group>"; };
		B363A8061C0543ED00C81993 /* Event.m */ = {isa = PBXFileReference; fileEncoding = 4; lastKnownFileType = sourcecode.c.objc; path = Event.m; sourceTree = "<group>"; };
		B363A8081C054CB200C81993 /* EventViewController.h */ = {isa = PBXFileReference; fileEncoding = 4; lastKnownFileType = sourcecode.c.h; path = EventViewController.h; sourceTree = "<group>"; };
		B363A8091C054CB200C81993 /* EventViewController.m */ = {isa = PBXFileReference; fileEncoding = 4; lastKnownFileType = sourcecode.c.objc; path = EventViewController.m; sourceTree = "<group>"; };
		B363A80A1C054CB200C81993 /* EventViewController.xib */ = {isa = PBXFileReference; fileEncoding = 4; lastKnownFileType = file.xib; path = EventViewController.xib; sourceTree = "<group>"; };
		BC79EDFC81497AD7E843B2CA /* Pods-Nearby.debug.xcconfig */ = {isa = PBXFileReference; includeInIndex = 1; lastKnownFileType = text.xcconfig; name = "Pods-Nearby.debug.xcconfig"; path = "Pods/Target Support Files/Pods-Nearby/Pods-Nearby.debug.xcconfig"; sourceTree = "<group>"; };
/* End PBXFileReference section */

/* Begin PBXFrameworksBuildPhase section */
		B32248EA1BFE3E9E005B48BC /* Frameworks */ = {
			isa = PBXFrameworksBuildPhase;
			buildActionMask = 2147483647;
			files = (
				1E666B5FC70ABC9F5C6BB5BC /* libPods-Nearby.a in Frameworks */,
			);
			runOnlyForDeploymentPostprocessing = 0;
		};
/* End PBXFrameworksBuildPhase section */

/* Begin PBXGroup section */
		45953ED0BDBAA17EFC20DBFA /* Pods */ = {
			isa = PBXGroup;
			children = (
				BC79EDFC81497AD7E843B2CA /* Pods-Nearby.debug.xcconfig */,
				4C56A3D465359FE72328E9DF /* Pods-Nearby.release.xcconfig */,
			);
			name = Pods;
			sourceTree = "<group>";
		};
		872F452DC3B6CF16B7336BE5 /* Frameworks */ = {
			isa = PBXGroup;
			children = (
				2DD0C24E5FB109D76E847354 /* libPods-Nearby.a */,
			);
			name = Frameworks;
			sourceTree = "<group>";
		};
		B31E18B61C053B4100977D55 /* ViewControllers */ = {
			isa = PBXGroup;
			children = (
				B31E18B71C053B5700977D55 /* LoginViewController.h */,
				B31E18B81C053B5700977D55 /* LoginViewController.m */,
				B31E18B91C053B5700977D55 /* LoginViewController.xib */,
				B363A8081C054CB200C81993 /* EventViewController.h */,
				B363A8091C054CB200C81993 /* EventViewController.m */,
				B363A80A1C054CB200C81993 /* EventViewController.xib */,
			);
			name = ViewControllers;
			sourceTree = "<group>";
		};
		B32248E41BFE3E9E005B48BC = {
			isa = PBXGroup;
			children = (
				B32248EF1BFE3E9E005B48BC /* Nearby */,
				B32248EE1BFE3E9E005B48BC /* Products */,
				45953ED0BDBAA17EFC20DBFA /* Pods */,
				872F452DC3B6CF16B7336BE5 /* Frameworks */,
			);
			sourceTree = "<group>";
		};
		B32248EE1BFE3E9E005B48BC /* Products */ = {
			isa = PBXGroup;
			children = (
				B32248ED1BFE3E9E005B48BC /* Nearby.app */,
			);
			name = Products;
			sourceTree = "<group>";
		};
		B32248EF1BFE3E9E005B48BC /* Nearby */ = {
			isa = PBXGroup;
			children = (
				B363A8041C05438700C81993 /* Model */,
				B31E18B61C053B4100977D55 /* ViewControllers */,
				B32248F31BFE3E9E005B48BC /* AppDelegate.h */,
				B32248F41BFE3E9E005B48BC /* AppDelegate.m */,
				B32248FC1BFE3E9E005B48BC /* Assets.xcassets */,
				B32248FE1BFE3E9E005B48BC /* LaunchScreen.storyboard */,
				B32249011BFE3E9E005B48BC /* Info.plist */,
				B32248F01BFE3E9E005B48BC /* Supporting Files */,
			);
			path = Nearby;
			sourceTree = "<group>";
		};
		B32248F01BFE3E9E005B48BC /* Supporting Files */ = {
			isa = PBXGroup;
			children = (
				B32248F11BFE3E9E005B48BC /* main.m */,
			);
			name = "Supporting Files";
			sourceTree = "<group>";
		};
		B363A8041C05438700C81993 /* Model */ = {
			isa = PBXGroup;
			children = (
				B363A8051C0543ED00C81993 /* Event.h */,
				B363A8061C0543ED00C81993 /* Event.m */,
			);
			name = Model;
			sourceTree = "<group>";
		};
/* End PBXGroup section */

/* Begin PBXNativeTarget section */
		B32248EC1BFE3E9E005B48BC /* Nearby */ = {
			isa = PBXNativeTarget;
			buildConfigurationList = B32249041BFE3E9E005B48BC /* Build configuration list for PBXNativeTarget "Nearby" */;
			buildPhases = (
				5D4334D83F99D10CAE724BB9 /* Check Pods Manifest.lock */,
				B32248E91BFE3E9E005B48BC /* Sources */,
				B32248EA1BFE3E9E005B48BC /* Frameworks */,
				B32248EB1BFE3E9E005B48BC /* Resources */,
				1B48EE0E3357308DA752BD6C /* Embed Pods Frameworks */,
				14091CBFAF1448FD130D5D5A /* Copy Pods Resources */,
			);
			buildRules = (
			);
			dependencies = (
			);
			name = Nearby;
			productName = Nearby;
			productReference = B32248ED1BFE3E9E005B48BC /* Nearby.app */;
			productType = "com.apple.product-type.application";
		};
/* End PBXNativeTarget section */

/* Begin PBXProject section */
		B32248E51BFE3E9E005B48BC /* Project object */ = {
			isa = PBXProject;
			attributes = {
				LastUpgradeCheck = 0710;
				ORGANIZATIONNAME = EventAppOrg;
				TargetAttributes = {
					B32248EC1BFE3E9E005B48BC = {
						CreatedOnToolsVersion = 7.1.1;
					};
				};
			};
			buildConfigurationList = B32248E81BFE3E9E005B48BC /* Build configuration list for PBXProject "Nearby" */;
			compatibilityVersion = "Xcode 3.2";
			developmentRegion = English;
			hasScannedForEncodings = 0;
			knownRegions = (
				en,
				Base,
			);
			mainGroup = B32248E41BFE3E9E005B48BC;
			productRefGroup = B32248EE1BFE3E9E005B48BC /* Products */;
			projectDirPath = "";
			projectRoot = "";
			targets = (
				B32248EC1BFE3E9E005B48BC /* Nearby */,
			);
		};
/* End PBXProject section */

/* Begin PBXResourcesBuildPhase section */
		B32248EB1BFE3E9E005B48BC /* Resources */ = {
			isa = PBXResourcesBuildPhase;
			buildActionMask = 2147483647;
			files = (
				B31E18BB1C053B5700977D55 /* LoginViewController.xib in Resources */,
				B363A80C1C054CB200C81993 /* EventViewController.xib in Resources */,
				B32249001BFE3E9E005B48BC /* LaunchScreen.storyboard in Resources */,
				B32248FD1BFE3E9E005B48BC /* Assets.xcassets in Resources */,
			);
			runOnlyForDeploymentPostprocessing = 0;
		};
/* End PBXResourcesBuildPhase section */

/* Begin PBXShellScriptBuildPhase section */
		14091CBFAF1448FD130D5D5A /* Copy Pods Resources */ = {
			isa = PBXShellScriptBuildPhase;
			buildActionMask = 2147483647;
			files = (
			);
			inputPaths = (
			);
			name = "Copy Pods Resources";
			outputPaths = (
			);
			runOnlyForDeploymentPostprocessing = 0;
			shellPath = /bin/sh;
			shellScript = "\"${SRCROOT}/Pods/Target Support Files/Pods-Nearby/Pods-Nearby-resources.sh\"\n";
			showEnvVarsInLog = 0;
		};
		1B48EE0E3357308DA752BD6C /* Embed Pods Frameworks */ = {
			isa = PBXShellScriptBuildPhase;
			buildActionMask = 2147483647;
			files = (
			);
			inputPaths = (
			);
			name = "Embed Pods Frameworks";
			outputPaths = (
			);
			runOnlyForDeploymentPostprocessing = 0;
			shellPath = /bin/sh;
			shellScript = "\"${SRCROOT}/Pods/Target Support Files/Pods-Nearby/Pods-Nearby-frameworks.sh\"\n";
			showEnvVarsInLog = 0;
		};
		5D4334D83F99D10CAE724BB9 /* Check Pods Manifest.lock */ = {
			isa = PBXShellScriptBuildPhase;
			buildActionMask = 2147483647;
			files = (
			);
			inputPaths = (
			);
			name = "Check Pods Manifest.lock";
			outputPaths = (
			);
			runOnlyForDeploymentPostprocessing = 0;
			shellPath = /bin/sh;
			shellScript = "diff \"${PODS_ROOT}/../Podfile.lock\" \"${PODS_ROOT}/Manifest.lock\" > /dev/null\nif [[ $? != 0 ]] ; then\n    cat << EOM\nerror: The sandbox is not in sync with the Podfile.lock. Run 'pod install' or update your CocoaPods installation.\nEOM\n    exit 1\nfi\n";
			showEnvVarsInLog = 0;
		};
/* End PBXShellScriptBuildPhase section */

/* Begin PBXSourcesBuildPhase section */
		B32248E91BFE3E9E005B48BC /* Sources */ = {
			isa = PBXSourcesBuildPhase;
			buildActionMask = 2147483647;
			files = (
				B363A8071C0543ED00C81993 /* Event.m in Sources */,
				B31E18BA1C053B5700977D55 /* LoginViewController.m in Sources */,
				B363A80B1C054CB200C81993 /* EventViewController.m in Sources */,
				B32248F51BFE3E9E005B48BC /* AppDelegate.m in Sources */,
				B32248F21BFE3E9E005B48BC /* main.m in Sources */,
			);
			runOnlyForDeploymentPostprocessing = 0;
		};
/* End PBXSourcesBuildPhase section */

/* Begin PBXVariantGroup section */
		B32248FE1BFE3E9E005B48BC /* LaunchScreen.storyboard */ = {
			isa = PBXVariantGroup;
			children = (
				B32248FF1BFE3E9E005B48BC /* Base */,
			);
			name = LaunchScreen.storyboard;
			sourceTree = "<group>";
		};
/* End PBXVariantGroup section */

/* Begin XCBuildConfiguration section */
		B32249021BFE3E9E005B48BC /* Debug */ = {
			isa = XCBuildConfiguration;
			buildSettings = {
				ALWAYS_SEARCH_USER_PATHS = NO;
				CLANG_CXX_LANGUAGE_STANDARD = "gnu++0x";
				CLANG_CXX_LIBRARY = "libc++";
				CLANG_ENABLE_MODULES = YES;
				CLANG_ENABLE_OBJC_ARC = YES;
				CLANG_WARN_BOOL_CONVERSION = YES;
				CLANG_WARN_CONSTANT_CONVERSION = YES;
				CLANG_WARN_DIRECT_OBJC_ISA_USAGE = YES_ERROR;
				CLANG_WARN_EMPTY_BODY = YES;
				CLANG_WARN_ENUM_CONVERSION = YES;
				CLANG_WARN_INT_CONVERSION = YES;
				CLANG_WARN_OBJC_ROOT_CLASS = YES_ERROR;
				CLANG_WARN_UNREACHABLE_CODE = YES;
				CLANG_WARN__DUPLICATE_METHOD_MATCH = YES;
				"CODE_SIGN_IDENTITY[sdk=iphoneos*]" = "iPhone Developer";
				COPY_PHASE_STRIP = NO;
				DEBUG_INFORMATION_FORMAT = dwarf;
				ENABLE_STRICT_OBJC_MSGSEND = YES;
				ENABLE_TESTABILITY = YES;
				GCC_C_LANGUAGE_STANDARD = gnu99;
				GCC_DYNAMIC_NO_PIC = NO;
				GCC_NO_COMMON_BLOCKS = YES;
				GCC_OPTIMIZATION_LEVEL = 0;
				GCC_PREPROCESSOR_DEFINITIONS = (
					"DEBUG=1",
					"$(inherited)",
				);
				GCC_WARN_64_TO_32_BIT_CONVERSION = YES;
				GCC_WARN_ABOUT_RETURN_TYPE = YES_ERROR;
				GCC_WARN_UNDECLARED_SELECTOR = YES;
				GCC_WARN_UNINITIALIZED_AUTOS = YES_AGGRESSIVE;
				GCC_WARN_UNUSED_FUNCTION = YES;
				GCC_WARN_UNUSED_VARIABLE = YES;
				IPHONEOS_DEPLOYMENT_TARGET = 9.1;
				MTL_ENABLE_DEBUG_INFO = YES;
				ONLY_ACTIVE_ARCH = YES;
				SDKROOT = iphoneos;
				TARGETED_DEVICE_FAMILY = "1,2";
			};
			name = Debug;
		};
		B32249031BFE3E9E005B48BC /* Release */ = {
			isa = XCBuildConfiguration;
			buildSettings = {
				ALWAYS_SEARCH_USER_PATHS = NO;
				CLANG_CXX_LANGUAGE_STANDARD = "gnu++0x";
				CLANG_CXX_LIBRARY = "libc++";
				CLANG_ENABLE_MODULES = YES;
				CLANG_ENABLE_OBJC_ARC = YES;
				CLANG_WARN_BOOL_CONVERSION = YES;
				CLANG_WARN_CONSTANT_CONVERSION = YES;
				CLANG_WARN_DIRECT_OBJC_ISA_USAGE = YES_ERROR;
				CLANG_WARN_EMPTY_BODY = YES;
				CLANG_WARN_ENUM_CONVERSION = YES;
				CLANG_WARN_INT_CONVERSION = YES;
				CLANG_WARN_OBJC_ROOT_CLASS = YES_ERROR;
				CLANG_WARN_UNREACHABLE_CODE = YES;
				CLANG_WARN__DUPLICATE_METHOD_MATCH = YES;
				"CODE_SIGN_IDENTITY[sdk=iphoneos*]" = "iPhone Developer";
				COPY_PHASE_STRIP = NO;
				DEBUG_INFORMATION_FORMAT = "dwarf-with-dsym";
				ENABLE_NS_ASSERTIONS = NO;
				ENABLE_STRICT_OBJC_MSGSEND = YES;
				GCC_C_LANGUAGE_STANDARD = gnu99;
				GCC_NO_COMMON_BLOCKS = YES;
				GCC_WARN_64_TO_32_BIT_CONVERSION = YES;
				GCC_WARN_ABOUT_RETURN_TYPE = YES_ERROR;
				GCC_WARN_UNDECLARED_SELECTOR = YES;
				GCC_WARN_UNINITIALIZED_AUTOS = YES_AGGRESSIVE;
				GCC_WARN_UNUSED_FUNCTION = YES;
				GCC_WARN_UNUSED_VARIABLE = YES;
				IPHONEOS_DEPLOYMENT_TARGET = 9.1;
				MTL_ENABLE_DEBUG_INFO = NO;
				SDKROOT = iphoneos;
				TARGETED_DEVICE_FAMILY = "1,2";
				VALIDATE_PRODUCT = YES;
			};
			name = Release;
		};
		B32249051BFE3E9E005B48BC /* Debug */ = {
			isa = XCBuildConfiguration;
			baseConfigurationReference = BC79EDFC81497AD7E843B2CA /* Pods-Nearby.debug.xcconfig */;
			buildSettings = {
				ASSETCATALOG_COMPILER_APPICON_NAME = AppIcon;
				FRAMEWORK_SEARCH_PATHS = (
					"$(inherited)",
					"$(PROJECT_DIR)",
				);
				INFOPLIST_FILE = Nearby/Info.plist;
				LD_RUNPATH_SEARCH_PATHS = "$(inherited) @executable_path/Frameworks";
				PRODUCT_BUNDLE_IDENTIFIER = EventAppOrg.Nearby;
				PRODUCT_NAME = "$(TARGET_NAME)";
			};
			name = Debug;
		};
		B32249061BFE3E9E005B48BC /* Release */ = {
			isa = XCBuildConfiguration;
			baseConfigurationReference = 4C56A3D465359FE72328E9DF /* Pods-Nearby.release.xcconfig */;
			buildSettings = {
				ASSETCATALOG_COMPILER_APPICON_NAME = AppIcon;
				FRAMEWORK_SEARCH_PATHS = (
					"$(inherited)",
					"$(PROJECT_DIR)",
				);
				INFOPLIST_FILE = Nearby/Info.plist;
				LD_RUNPATH_SEARCH_PATHS = "$(inherited) @executable_path/Frameworks";
				PRODUCT_BUNDLE_IDENTIFIER = EventAppOrg.Nearby;
				PRODUCT_NAME = "$(TARGET_NAME)";
			};
			name = Release;
		};
/* End XCBuildConfiguration section */

/* Begin XCConfigurationList section */
		B32248E81BFE3E9E005B48BC /* Build configuration list for PBXProject "Nearby" */ = {
			isa = XCConfigurationList;
			buildConfigurations = (
				B32249021BFE3E9E005B48BC /* Debug */,
				B32249031BFE3E9E005B48BC /* Release */,
			);
			defaultConfigurationIsVisible = 0;
			defaultConfigurationName = Release;
		};
		B32249041BFE3E9E005B48BC /* Build configuration list for PBXNativeTarget "Nearby" */ = {
			isa = XCConfigurationList;
			buildConfigurations = (
				B32249051BFE3E9E005B48BC /* Debug */,
				B32249061BFE3E9E005B48BC /* Release */,
			);
			defaultConfigurationIsVisible = 0;
			defaultConfigurationName = Release;
		};
/* End XCConfigurationList section */
	};
	rootObject = B32248E51BFE3E9E005B48BC /* Project object */;
}
